
Microsoft Visual Studio Solution File, Format Version 12.00
# Visual Studio Version 17
VisualStudioVersion = 17.3.32922.545
MinimumVisualStudioVersion = 10.0.40219.1
Project("{9A19103F-16F7-4668-BE54-9A1E7A4F7556}") = "API", "API.csproj", "{E9F08AD5-CA6E-4790-9700-E2CA5402DC9C}"
EndProject
Project("{9A19103F-16F7-4668-BE54-9A1E7A4F7556}") = "Domain", "..\Domain\Domain.csproj", "{CEB5C6B0-64E8-4B25-8B3E-18E9E7B61E3F}"
EndProject
Project("{9A19103F-16F7-4668-BE54-9A1E7A4F7556}") = "Infrastructure", "..\Infrastructure\Infrastructure.csproj", "{6C4CCEDD-E080-4723-835A-9CF816065C26}"
EndProject
Global
	GlobalSection(SolutionConfigurationPlatforms) = preSolution
		Debug|Any CPU = Debug|Any CPU
		Release|Any CPU = Release|Any CPU
	EndGlobalSection
	GlobalSection(ProjectConfigurationPlatforms) = postSolution
		{E9F08AD5-CA6E-4790-9700-E2CA5402DC9C}.Debug|Any CPU.ActiveCfg = Debug|Any CPU
		{E9F08AD5-CA6E-4790-9700-E2CA5402DC9C}.Debug|Any CPU.Build.0 = Debug|Any CPU
		{E9F08AD5-CA6E-4790-9700-E2CA5402DC9C}.Release|Any CPU.ActiveCfg = Release|Any CPU
		{E9F08AD5-CA6E-4790-9700-E2CA5402DC9C}.Release|Any CPU.Build.0 = Release|Any CPU
		{CEB5C6B0-64E8-4B25-8B3E-18E9E7B61E3F}.Debug|Any CPU.ActiveCfg = Debug|Any CPU
		{CEB5C6B0-64E8-4B25-8B3E-18E9E7B61E3F}.Debug|Any CPU.Build.0 = Debug|Any CPU
		{CEB5C6B0-64E8-4B25-8B3E-18E9E7B61E3F}.Release|Any CPU.ActiveCfg = Release|Any CPU
		{CEB5C6B0-64E8-4B25-8B3E-18E9E7B61E3F}.Release|Any CPU.Build.0 = Release|Any CPU
		{6C4CCEDD-E080-4723-835A-9CF816065C26}.Debug|Any CPU.ActiveCfg = Debug|Any CPU
		{6C4CCEDD-E080-4723-835A-9CF816065C26}.Debug|Any CPU.Build.0 = Debug|Any CPU
		{6C4CCEDD-E080-4723-835A-9CF816065C26}.Release|Any CPU.ActiveCfg = Release|Any CPU
		{6C4CCEDD-E080-4723-835A-9CF816065C26}.Release|Any CPU.Build.0 = Release|Any CPU
	EndGlobalSection
	GlobalSection(SolutionProperties) = preSolution
		HideSolutionNode = FALSE
	EndGlobalSection
	GlobalSection(ExtensibilityGlobals) = postSolution
		SolutionGuid = {03815457-5A4D-412E-AA8C-46C7ABEC9EF6}
	EndGlobalSection
EndGlobal
