
Microsoft Visual Studio Solution File, Format Version 12.00
# Visual Studio Version 17
VisualStudioVersion = 17.3.32922.545
MinimumVisualStudioVersion = 10.0.40219.1
Project("{9A19103F-16F7-4668-BE54-9A1E7A4F7556}") = "WebAPI", "WebAPI.csproj", "{22CA9521-7ACD-4DF6-AFD0-EF7AE98DAEAA}"
EndProject
Project("{9A19103F-16F7-4668-BE54-9A1E7A4F7556}") = "Domain", "..\Domain\Domain.csproj", "{1113CE0F-49B4-4EB0-A8A3-6A590BA4AEAF}"
EndProject
Project("{9A19103F-16F7-4668-BE54-9A1E7A4F7556}") = "Infrastructure", "..\Infrastructure\Infrastructure.csproj", "{C56092FE-88AF-4AF5-9DE4-D57A1070A6BE}"
EndProject
Global
	GlobalSection(SolutionConfigurationPlatforms) = preSolution
		Debug|Any CPU = Debug|Any CPU
		Release|Any CPU = Release|Any CPU
	EndGlobalSection
	GlobalSection(ProjectConfigurationPlatforms) = postSolution
		{22CA9521-7ACD-4DF6-AFD0-EF7AE98DAEAA}.Debug|Any CPU.ActiveCfg = Debug|Any CPU
		{22CA9521-7ACD-4DF6-AFD0-EF7AE98DAEAA}.Debug|Any CPU.Build.0 = Debug|Any CPU
		{22CA9521-7ACD-4DF6-AFD0-EF7AE98DAEAA}.Release|Any CPU.ActiveCfg = Release|Any CPU
		{22CA9521-7ACD-4DF6-AFD0-EF7AE98DAEAA}.Release|Any CPU.Build.0 = Release|Any CPU
		{1113CE0F-49B4-4EB0-A8A3-6A590BA4AEAF}.Debug|Any CPU.ActiveCfg = Debug|Any CPU
		{1113CE0F-49B4-4EB0-A8A3-6A590BA4AEAF}.Debug|Any CPU.Build.0 = Debug|Any CPU
		{1113CE0F-49B4-4EB0-A8A3-6A590BA4AEAF}.Release|Any CPU.ActiveCfg = Release|Any CPU
		{1113CE0F-49B4-4EB0-A8A3-6A590BA4AEAF}.Release|Any CPU.Build.0 = Release|Any CPU
		{C56092FE-88AF-4AF5-9DE4-D57A1070A6BE}.Debug|Any CPU.ActiveCfg = Debug|Any CPU
		{C56092FE-88AF-4AF5-9DE4-D57A1070A6BE}.Debug|Any CPU.Build.0 = Debug|Any CPU
		{C56092FE-88AF-4AF5-9DE4-D57A1070A6BE}.Release|Any CPU.ActiveCfg = Release|Any CPU
		{C56092FE-88AF-4AF5-9DE4-D57A1070A6BE}.Release|Any CPU.Build.0 = Release|Any CPU
	EndGlobalSection
	GlobalSection(SolutionProperties) = preSolution
		HideSolutionNode = FALSE
	EndGlobalSection
	GlobalSection(ExtensibilityGlobals) = postSolution
		SolutionGuid = {50B203D2-94A7-4F0D-9CF1-2555EC0E1E96}
	EndGlobalSection
EndGlobal
